
Microsoft Visual Studio Solution File, Format Version 12.00
# Visual Studio 2013
VisualStudioVersion = 12.0.31101.0
MinimumVisualStudioVersion = 10.0.40219.1
Project("{581633EB-B896-402F-8E60-36F3DA191C85}") = "Initialise Github", "Initialise Github\Initialise Github.lsxtproj", "{84C26F4F-D4EC-480F-BCCA-847D74EDA9C3}"
EndProject
Project("{FAE04EC0-301F-11D3-BF4B-00C04F79EFBC}") = "Initialise Github.Server", "Initialise Github\Initialise Github.Server\Initialise Github.Server.csproj", "{68D1B677-C47A-44FF-96F7-0971E1786ED3}"
EndProject
Project("{FAE04EC0-301F-11D3-BF4B-00C04F79EFBC}") = "Initialise Github.DesktopClient", "Initialise Github\Initialise Github.DesktopClient\Initialise Github.DesktopClient.csproj", "{9F3E7A35-9289-407F-98FA-D8CCAFC10C2B}"
EndProject
Global
	GlobalSection(SolutionConfigurationPlatforms) = preSolution
		Debug|Any CPU = Debug|Any CPU
		Release|Any CPU = Release|Any CPU
	EndGlobalSection
	GlobalSection(ProjectConfigurationPlatforms) = postSolution
		{84C26F4F-D4EC-480F-BCCA-847D74EDA9C3}.Debug|Any CPU.ActiveCfg = Debug|Any CPU
		{84C26F4F-D4EC-480F-BCCA-847D74EDA9C3}.Debug|Any CPU.Build.0 = Debug|Any CPU
		{84C26F4F-D4EC-480F-BCCA-847D74EDA9C3}.Release|Any CPU.ActiveCfg = Release|Any CPU
		{84C26F4F-D4EC-480F-BCCA-847D74EDA9C3}.Release|Any CPU.Build.0 = Release|Any CPU
		{68D1B677-C47A-44FF-96F7-0971E1786ED3}.Debug|Any CPU.ActiveCfg = Debug|Any CPU
		{68D1B677-C47A-44FF-96F7-0971E1786ED3}.Debug|Any CPU.Build.0 = Debug|Any CPU
		{68D1B677-C47A-44FF-96F7-0971E1786ED3}.Release|Any CPU.ActiveCfg = Release|Any CPU
		{68D1B677-C47A-44FF-96F7-0971E1786ED3}.Release|Any CPU.Build.0 = Release|Any CPU
		{9F3E7A35-9289-407F-98FA-D8CCAFC10C2B}.Debug|Any CPU.ActiveCfg = Debug|Any CPU
		{9F3E7A35-9289-407F-98FA-D8CCAFC10C2B}.Debug|Any CPU.Build.0 = Debug|Any CPU
		{9F3E7A35-9289-407F-98FA-D8CCAFC10C2B}.Release|Any CPU.ActiveCfg = Release|Any CPU
		{9F3E7A35-9289-407F-98FA-D8CCAFC10C2B}.Release|Any CPU.Build.0 = Release|Any CPU
	EndGlobalSection
	GlobalSection(SolutionProperties) = preSolution
		HideSolutionNode = FALSE
	EndGlobalSection
EndGlobal
